{
  "originHash" : "035b2f1678f84bc649148b602d0ffd753164f7432ee826109bed8bfe4bb76348",
  "pins" : [
    {
      "identity" : "geometrylite3d",
      "kind" : "remoteSourceControl",
      "location" : "https://github.com/schwa/GeometryLite3D",
      "state" : {
        "revision" : "2b63646cf7290361567cafaf89f82206ee0ff3e7",
        "version" : "0.1.0"
      }
    },
    {
      "identity" : "goldenimage",
      "kind" : "remoteSourceControl",
      "location" : "https://github.com/schwa/GoldenImage",
      "state" : {
        "branch" : "main",
        "revision" : "34396251ee4fc108b9167ba5785f66a5c473088b"
      }
    },
    {
      "identity" : "metalcompilerplugin",
      "kind" : "remoteSourceControl",
      "location" : "https://github.com/schwa/MetalCompilerPlugin",
      "state" : {
        "revision" : "36c761478a8e3fb934acf8ef2db4696af95069b4",
        "version" : "0.1.5"
      }
    },
    {
      "identity" : "swift-argument-parser",
      "kind" : "remoteSourceControl",
      "location" : "https://github.com/apple/swift-argument-parser",
      "state" : {
        "revision" : "cdd0ef3755280949551dc26dee5de9ddeda89f54",
        "version" : "1.6.2"
      }
    },
    {
      "identity" : "swift-numerics",
      "kind" : "remoteSourceControl",
      "location" : "https://github.com/apple/swift-numerics.git",
      "state" : {
        "revision" : "0c0290ff6b24942dadb83a929ffaaa1481df04a2",
        "version" : "1.1.1"
      }
    },
    {
      "identity" : "swift-syntax",
      "kind" : "remoteSourceControl",
      "location" : "https://github.com/swiftlang/swift-syntax.git",
      "state" : {
        "revision" : "0687f71944021d616d34d922343dcef086855920",
        "version" : "600.0.1"
      }
    }
  ],
  "version" : 3
}
